
Microsoft Visual Studio Solution File, Format Version 12.00
# Visual Studio Version 16
VisualStudioVersion = 16.0.30523.141
MinimumVisualStudioVersion = 10.0.40219.1
Project("{8BC9CEB8-8B4A-11D0-8D11-00A0C91BC942}") = "Hw27", "Hw27\Hw27.vcxproj", "{CD76D615-6B70-4598-9993-99EB2BA77F86}"
EndProject
Global
	GlobalSection(SolutionConfigurationPlatforms) = preSolution
		Debug|x64 = Debug|x64
		Debug|x86 = Debug|x86
		Release|x64 = Release|x64
		Release|x86 = Release|x86
	EndGlobalSection
	GlobalSection(ProjectConfigurationPlatforms) = postSolution
		{CD76D615-6B70-4598-9993-99EB2BA77F86}.Debug|x64.ActiveCfg = Debug|x64
		{CD76D615-6B70-4598-9993-99EB2BA77F86}.Debug|x64.Build.0 = Debug|x64
		{CD76D615-6B70-4598-9993-99EB2BA77F86}.Debug|x86.ActiveCfg = Debug|Win32
		{CD76D615-6B70-4598-9993-99EB2BA77F86}.Debug|x86.Build.0 = Debug|Win32
		{CD76D615-6B70-4598-9993-99EB2BA77F86}.Release|x64.ActiveCfg = Release|x64
		{CD76D615-6B70-4598-9993-99EB2BA77F86}.Release|x64.Build.0 = Release|x64
		{CD76D615-6B70-4598-9993-99EB2BA77F86}.Release|x86.ActiveCfg = Release|Win32
		{CD76D615-6B70-4598-9993-99EB2BA77F86}.Release|x86.Build.0 = Release|Win32
	EndGlobalSection
	GlobalSection(SolutionProperties) = preSolution
		HideSolutionNode = FALSE
	EndGlobalSection
	GlobalSection(ExtensibilityGlobals) = postSolution
		SolutionGuid = {B6A60E1C-517A-4CDD-AFAB-45CC461374F9}
	EndGlobalSection
EndGlobal
